// !$*UTF8*$!
{
	archiveVersion = 1;
	classes = {
	};
	objectVersion = 46;
	objects = {

/* Begin PBXBuildFile section */
		7244E4BB18EE327000C8EA14 /* Cocoa.framework in Frameworks */ = {isa = PBXBuildFile; fileRef = 7244E4BA18EE327000C8EA14 /* Cocoa.framework */; };
		7244E4C518EE327000C8EA14 /* InfoPlist.strings in Resources */ = {isa = PBXBuildFile; fileRef = 7244E4C318EE327000C8EA14 /* InfoPlist.strings */; };
		7244E4C718EE327000C8EA14 /* main.m in Sources */ = {isa = PBXBuildFile; fileRef = 7244E4C618EE327000C8EA14 /* main.m */; };
		7244E4CB18EE327000C8EA14 /* Credits.rtf in Resources */ = {isa = PBXBuildFile; fileRef = 7244E4C918EE327000C8EA14 /* Credits.rtf */; };
		7244E4CE18EE327100C8EA14 /* AppDelegate.m in Sources */ = {isa = PBXBuildFile; fileRef = 7244E4CD18EE327100C8EA14 /* AppDelegate.m */; };
		7244E4D118EE327100C8EA14 /* MainMenu.xib in Resources */ = {isa = PBXBuildFile; fileRef = 7244E4CF18EE327100C8EA14 /* MainMenu.xib */; };
		7244E4D318EE327100C8EA14 /* Images.xcassets in Resources */ = {isa = PBXBuildFile; fileRef = 7244E4D218EE327100C8EA14 /* Images.xcassets */; };
		7244E4EF18EE34A000C8EA14 /* AVFoundation.framework in Frameworks */ = {isa = PBXBuildFile; fileRef = 7244E4EE18EE34A000C8EA14 /* AVFoundation.framework */; };
		7244E4F118EE34A600C8EA14 /* CoreMedia.framework in Frameworks */ = {isa = PBXBuildFile; fileRef = 7244E4F018EE34A600C8EA14 /* CoreMedia.framework */; };
		7244E4F418EE3AED00C8EA14 /* libopencv_core.dylib in Frameworks */ = {isa = PBXBuildFile; fileRef = 7244E4F218EE3AED00C8EA14 /* libopencv_core.dylib */; };
		7244E4F518EE3AED00C8EA14 /* libopencv_imgproc.dylib in Frameworks */ = {isa = PBXBuildFile; fileRef = 7244E4F318EE3AED00C8EA14 /* libopencv_imgproc.dylib */; };
/* End PBXBuildFile section */

/* Begin PBXFileReference section */
		7244E4B718EE327000C8EA14 /* OpenCVStudy.app */ = {isa = PBXFileReference; explicitFileType = wrapper.application; includeInIndex = 0; path = OpenCVStudy.app; sourceTree = BUILT_PRODUCTS_DIR; };
		7244E4BA18EE327000C8EA14 /* Cocoa.framework */ = {isa = PBXFileReference; lastKnownFileType = wrapper.framework; name = Cocoa.framework; path = System/Library/Frameworks/Cocoa.framework; sourceTree = SDKROOT; };
		7244E4BD18EE327000C8EA14 /* AppKit.framework */ = {isa = PBXFileReference; lastKnownFileType = wrapper.framework; name = AppKit.framework; path = System/Library/Frameworks/AppKit.framework; sourceTree = SDKROOT; };
		7244E4BE18EE327000C8EA14 /* CoreData.framework */ = {isa = PBXFileReference; lastKnownFileType = wrapper.framework; name = CoreData.framework; path = System/Library/Frameworks/CoreData.framework; sourceTree = SDKROOT; };
		7244E4BF18EE327000C8EA14 /* Foundation.framework */ = {isa = PBXFileReference; lastKnownFileType = wrapper.framework; name = Foundation.framework; path = System/Library/Frameworks/Foundation.framework; sourceTree = SDKROOT; };
		7244E4C218EE327000C8EA14 /* OpenCVStudy-Info.plist */ = {isa = PBXFileReference; lastKnownFileType = text.plist.xml; path = "OpenCVStudy-Info.plist"; sourceTree = "<group>"; };
		7244E4C418EE327000C8EA14 /* en */ = {isa = PBXFileReference; lastKnownFileType = text.plist.strings; name = en; path = en.lproj/InfoPlist.strings; sourceTree = "<group>"; };
		7244E4C618EE327000C8EA14 /* main.m */ = {isa = PBXFileReference; lastKnownFileType = sourcecode.c.objc; path = main.m; sourceTree = "<group>"; };
		7244E4C818EE327000C8EA14 /* OpenCVStudy-Prefix.pch */ = {isa = PBXFileReference; lastKnownFileType = sourcecode.c.h; path = "OpenCVStudy-Prefix.pch"; sourceTree = "<group>"; };
		7244E4CA18EE327000C8EA14 /* en */ = {isa = PBXFileReference; lastKnownFileType = text.rtf; name = en; path = en.lproj/Credits.rtf; sourceTree = "<group>"; };
		7244E4CC18EE327100C8EA14 /* AppDelegate.h */ = {isa = PBXFileReference; lastKnownFileType = sourcecode.c.h; path = AppDelegate.h; sourceTree = "<group>"; };
		7244E4CD18EE327100C8EA14 /* AppDelegate.m */ = {isa = PBXFileReference; lastKnownFileType = sourcecode.c.objc; path = AppDelegate.m; sourceTree = "<group>"; };
		7244E4D018EE327100C8EA14 /* Base */ = {isa = PBXFileReference; lastKnownFileType = file.xib; name = Base; path = Base.lproj/MainMenu.xib; sourceTree = "<group>"; };
		7244E4D218EE327100C8EA14 /* Images.xcassets */ = {isa = PBXFileReference; lastKnownFileType = folder.assetcatalog; path = Images.xcassets; sourceTree = "<group>"; };
		7244E4D918EE327100C8EA14 /* XCTest.framework */ = {isa = PBXFileReference; lastKnownFileType = wrapper.framework; name = XCTest.framework; path = Library/Frameworks/XCTest.framework; sourceTree = DEVELOPER_DIR; };
		7244E4EE18EE34A000C8EA14 /* AVFoundation.framework */ = {isa = PBXFileReference; lastKnownFileType = wrapper.framework; name = AVFoundation.framework; path = System/Library/Frameworks/AVFoundation.framework; sourceTree = SDKROOT; };
		7244E4F018EE34A600C8EA14 /* CoreMedia.framework */ = {isa = PBXFileReference; lastKnownFileType = wrapper.framework; name = CoreMedia.framework; path = System/Library/Frameworks/CoreMedia.framework; sourceTree = SDKROOT; };
		7244E4F218EE3AED00C8EA14 /* libopencv_core.dylib */ = {isa = PBXFileReference; lastKnownFileType = "compiled.mach-o.dylib"; name = libopencv_core.dylib; path = ../../../../opt/local/lib/libopencv_core.dylib; sourceTree = "<group>"; };
		7244E4F318EE3AED00C8EA14 /* libopencv_imgproc.dylib */ = {isa = PBXFileReference; lastKnownFileType = "compiled.mach-o.dylib"; name = libopencv_imgproc.dylib; path = ../../../../opt/local/lib/libopencv_imgproc.dylib; sourceTree = "<group>"; };
/* End PBXFileReference section */

/* Begin PBXFrameworksBuildPhase section */
		7244E4B418EE327000C8EA14 /* Frameworks */ = {
			isa = PBXFrameworksBuildPhase;
			buildActionMask = 2147483647;
			files = (
				7244E4F418EE3AED00C8EA14 /* libopencv_core.dylib in Frameworks */,
				7244E4F518EE3AED00C8EA14 /* libopencv_imgproc.dylib in Frameworks */,
				7244E4F118EE34A600C8EA14 /* CoreMedia.framework in Frameworks */,
				7244E4EF18EE34A000C8EA14 /* AVFoundation.framework in Frameworks */,
				7244E4BB18EE327000C8EA14 /* Cocoa.framework in Frameworks */,
			);
			runOnlyForDeploymentPostprocessing = 0;
		};
/* End PBXFrameworksBuildPhase section */

/* Begin PBXGroup section */
		7244E4AE18EE327000C8EA14 = {
			isa = PBXGroup;
			children = (
				7244E4C018EE327000C8EA14 /* OpenCVStudy */,
				7244E4B918EE327000C8EA14 /* Frameworks */,
				7244E4B818EE327000C8EA14 /* Products */,
			);
			sourceTree = "<group>";
		};
		7244E4B818EE327000C8EA14 /* Products */ = {
			isa = PBXGroup;
			children = (
				7244E4B718EE327000C8EA14 /* OpenCVStudy.app */,
			);
			name = Products;
			sourceTree = "<group>";
		};
		7244E4B918EE327000C8EA14 /* Frameworks */ = {
			isa = PBXGroup;
			children = (
				7244E4F218EE3AED00C8EA14 /* libopencv_core.dylib */,
				7244E4F318EE3AED00C8EA14 /* libopencv_imgproc.dylib */,
				7244E4F018EE34A600C8EA14 /* CoreMedia.framework */,
				7244E4EE18EE34A000C8EA14 /* AVFoundation.framework */,
				7244E4BA18EE327000C8EA14 /* Cocoa.framework */,
				7244E4D918EE327100C8EA14 /* XCTest.framework */,
				7244E4BC18EE327000C8EA14 /* Other Frameworks */,
			);
			name = Frameworks;
			sourceTree = "<group>";
		};
		7244E4BC18EE327000C8EA14 /* Other Frameworks */ = {
			isa = PBXGroup;
			children = (
				7244E4BD18EE327000C8EA14 /* AppKit.framework */,
				7244E4BE18EE327000C8EA14 /* CoreData.framework */,
				7244E4BF18EE327000C8EA14 /* Foundation.framework */,
			);
			name = "Other Frameworks";
			sourceTree = "<group>";
		};
		7244E4C018EE327000C8EA14 /* OpenCVStudy */ = {
			isa = PBXGroup;
			children = (
				7244E4CC18EE327100C8EA14 /* AppDelegate.h */,
				7244E4CD18EE327100C8EA14 /* AppDelegate.m */,
				7244E4CF18EE327100C8EA14 /* MainMenu.xib */,
				7244E4D218EE327100C8EA14 /* Images.xcassets */,
				7244E4C118EE327000C8EA14 /* Supporting Files */,
			);
			path = OpenCVStudy;
			sourceTree = "<group>";
		};
		7244E4C118EE327000C8EA14 /* Supporting Files */ = {
			isa = PBXGroup;
			children = (
				7244E4C218EE327000C8EA14 /* OpenCVStudy-Info.plist */,
				7244E4C318EE327000C8EA14 /* InfoPlist.strings */,
				7244E4C618EE327000C8EA14 /* main.m */,
				7244E4C818EE327000C8EA14 /* OpenCVStudy-Prefix.pch */,
				7244E4C918EE327000C8EA14 /* Credits.rtf */,
			);
			name = "Supporting Files";
			sourceTree = "<group>";
		};
/* End PBXGroup section */

/* Begin PBXNativeTarget section */
		7244E4B618EE327000C8EA14 /* OpenCVStudy */ = {
			isa = PBXNativeTarget;
			buildConfigurationList = 7244E4E818EE327100C8EA14 /* Build configuration list for PBXNativeTarget "OpenCVStudy" */;
			buildPhases = (
				7244E4B318EE327000C8EA14 /* Sources */,
				7244E4B418EE327000C8EA14 /* Frameworks */,
				7244E4B518EE327000C8EA14 /* Resources */,
			);
			buildRules = (
			);
			dependencies = (
			);
			name = OpenCVStudy;
			productName = OpenCVStudy;
			productReference = 7244E4B718EE327000C8EA14 /* OpenCVStudy.app */;
			productType = "com.apple.product-type.application";
		};
/* End PBXNativeTarget section */

/* Begin PBXProject section */
		7244E4AF18EE327000C8EA14 /* Project object */ = {
			isa = PBXProject;
			attributes = {
				LastUpgradeCheck = 0510;
				ORGANIZATIONNAME = "織田 哲男";
			};
			buildConfigurationList = 7244E4B218EE327000C8EA14 /* Build configuration list for PBXProject "OpenCVStudy" */;
			compatibilityVersion = "Xcode 3.2";
			developmentRegion = English;
			hasScannedForEncodings = 0;
			knownRegions = (
				en,
				Base,
			);
			mainGroup = 7244E4AE18EE327000C8EA14;
			productRefGroup = 7244E4B818EE327000C8EA14 /* Products */;
			projectDirPath = "";
			projectRoot = "";
			targets = (
				7244E4B618EE327000C8EA14 /* OpenCVStudy */,
			);
		};
/* End PBXProject section */

/* Begin PBXResourcesBuildPhase section */
		7244E4B518EE327000C8EA14 /* Resources */ = {
			isa = PBXResourcesBuildPhase;
			buildActionMask = 2147483647;
			files = (
				7244E4C518EE327000C8EA14 /* InfoPlist.strings in Resources */,
				7244E4D318EE327100C8EA14 /* Images.xcassets in Resources */,
				7244E4CB18EE327000C8EA14 /* Credits.rtf in Resources */,
				7244E4D118EE327100C8EA14 /* MainMenu.xib in Resources */,
			);
			runOnlyForDeploymentPostprocessing = 0;
		};
/* End PBXResourcesBuildPhase section */

/* Begin PBXSourcesBuildPhase section */
		7244E4B318EE327000C8EA14 /* Sources */ = {
			isa = PBXSourcesBuildPhase;
			buildActionMask = 2147483647;
			files = (
				7244E4CE18EE327100C8EA14 /* AppDelegate.m in Sources */,
				7244E4C718EE327000C8EA14 /* main.m in Sources */,
			);
			runOnlyForDeploymentPostprocessing = 0;
		};
/* End PBXSourcesBuildPhase section */

/* Begin PBXVariantGroup section */
		7244E4C318EE327000C8EA14 /* InfoPlist.strings */ = {
			isa = PBXVariantGroup;
			children = (
				7244E4C418EE327000C8EA14 /* en */,
			);
			name = InfoPlist.strings;
			sourceTree = "<group>";
		};
		7244E4C918EE327000C8EA14 /* Credits.rtf */ = {
			isa = PBXVariantGroup;
			children = (
				7244E4CA18EE327000C8EA14 /* en */,
			);
			name = Credits.rtf;
			sourceTree = "<group>";
		};
		7244E4CF18EE327100C8EA14 /* MainMenu.xib */ = {
			isa = PBXVariantGroup;
			children = (
				7244E4D018EE327100C8EA14 /* Base */,
			);
			name = MainMenu.xib;
			sourceTree = "<group>";
		};
/* End PBXVariantGroup section */

/* Begin XCBuildConfiguration section */
		7244E4E618EE327100C8EA14 /* Debug */ = {
			isa = XCBuildConfiguration;
			buildSettings = {
				ALWAYS_SEARCH_USER_PATHS = NO;
				CLANG_CXX_LANGUAGE_STANDARD = "gnu++0x";
				CLANG_CXX_LIBRARY = "libc++";
				CLANG_ENABLE_MODULES = YES;
				CLANG_ENABLE_OBJC_ARC = YES;
				CLANG_WARN_BOOL_CONVERSION = YES;
				CLANG_WARN_CONSTANT_CONVERSION = YES;
				CLANG_WARN_DIRECT_OBJC_ISA_USAGE = YES_ERROR;
				CLANG_WARN_EMPTY_BODY = YES;
				CLANG_WARN_ENUM_CONVERSION = YES;
				CLANG_WARN_INT_CONVERSION = YES;
				CLANG_WARN_OBJC_ROOT_CLASS = YES_ERROR;
				CLANG_WARN__DUPLICATE_METHOD_MATCH = YES;
				COPY_PHASE_STRIP = NO;
				GCC_C_LANGUAGE_STANDARD = gnu99;
				GCC_DYNAMIC_NO_PIC = NO;
				GCC_ENABLE_OBJC_EXCEPTIONS = YES;
				GCC_OPTIMIZATION_LEVEL = 0;
				GCC_PREPROCESSOR_DEFINITIONS = (
					"DEBUG=1",
					"$(inherited)",
				);
				GCC_SYMBOLS_PRIVATE_EXTERN = NO;
				GCC_WARN_64_TO_32_BIT_CONVERSION = YES;
				GCC_WARN_ABOUT_RETURN_TYPE = YES_ERROR;
				GCC_WARN_UNDECLARED_SELECTOR = YES;
				GCC_WARN_UNINITIALIZED_AUTOS = YES_AGGRESSIVE;
				GCC_WARN_UNUSED_FUNCTION = YES;
				GCC_WARN_UNUSED_VARIABLE = YES;
				HEADER_SEARCH_PATHS = (
					"$(inherited)",
					/Applications/Xcode.app/Contents/Developer/Toolchains/XcodeDefault.xctoolchain/usr/include,
					/opt/local/include,
				);
				MACOSX_DEPLOYMENT_TARGET = 10.9;
				ONLY_ACTIVE_ARCH = YES;
				SDKROOT = macosx;
			};
			name = Debug;
		};
		7244E4E718EE327100C8EA14 /* Release */ = {
			isa = XCBuildConfiguration;
			buildSettings = {
				ALWAYS_SEARCH_USER_PATHS = NO;
				CLANG_CXX_LANGUAGE_STANDARD = "gnu++0x";
				CLANG_CXX_LIBRARY = "libc++";
				CLANG_ENABLE_MODULES = YES;
				CLANG_ENABLE_OBJC_ARC = YES;
				CLANG_WARN_BOOL_CONVERSION = YES;
				CLANG_WARN_CONSTANT_CONVERSION = YES;
				CLANG_WARN_DIRECT_OBJC_ISA_USAGE = YES_ERROR;
				CLANG_WARN_EMPTY_BODY = YES;
				CLANG_WARN_ENUM_CONVERSION = YES;
				CLANG_WARN_INT_CONVERSION = YES;
				CLANG_WARN_OBJC_ROOT_CLASS = YES_ERROR;
				CLANG_WARN__DUPLICATE_METHOD_MATCH = YES;
				COPY_PHASE_STRIP = YES;
				DEBUG_INFORMATION_FORMAT = "dwarf-with-dsym";
				ENABLE_NS_ASSERTIONS = NO;
				GCC_C_LANGUAGE_STANDARD = gnu99;
				GCC_ENABLE_OBJC_EXCEPTIONS = YES;
				GCC_WARN_64_TO_32_BIT_CONVERSION = YES;
				GCC_WARN_ABOUT_RETURN_TYPE = YES_ERROR;
				GCC_WARN_UNDECLARED_SELECTOR = YES;
				GCC_WARN_UNINITIALIZED_AUTOS = YES_AGGRESSIVE;
				GCC_WARN_UNUSED_FUNCTION = YES;
				GCC_WARN_UNUSED_VARIABLE = YES;
				HEADER_SEARCH_PATHS = (
					"$(inherited)",
					/Applications/Xcode.app/Contents/Developer/Toolchains/XcodeDefault.xctoolchain/usr/include,
					/opt/local/include,
				);
				MACOSX_DEPLOYMENT_TARGET = 10.9;
				SDKROOT = macosx;
			};
			name = Release;
		};
		7244E4E918EE327100C8EA14 /* Debug */ = {
			isa = XCBuildConfiguration;
			buildSettings = {
				ASSETCATALOG_COMPILER_APPICON_NAME = AppIcon;
				COMBINE_HIDPI_IMAGES = YES;
				GCC_PRECOMPILE_PREFIX_HEADER = YES;
				GCC_PREFIX_HEADER = "OpenCVStudy/OpenCVStudy-Prefix.pch";
				INFOPLIST_FILE = "OpenCVStudy/OpenCVStudy-Info.plist";
				LIBRARY_SEARCH_PATHS = (
					"$(inherited)",
					/opt/local/lib,
				);
				PRODUCT_NAME = "$(TARGET_NAME)";
				WRAPPER_EXTENSION = app;
			};
			name = Debug;
		};
		7244E4EA18EE327100C8EA14 /* Release */ = {
			isa = XCBuildConfiguration;
			buildSettings = {
				ASSETCATALOG_COMPILER_APPICON_NAME = AppIcon;
				COMBINE_HIDPI_IMAGES = YES;
				GCC_PRECOMPILE_PREFIX_HEADER = YES;
				GCC_PREFIX_HEADER = "OpenCVStudy/OpenCVStudy-Prefix.pch";
				INFOPLIST_FILE = "OpenCVStudy/OpenCVStudy-Info.plist";
				LIBRARY_SEARCH_PATHS = (
					"$(inherited)",
					/opt/local/lib,
				);
				PRODUCT_NAME = "$(TARGET_NAME)";
				WRAPPER_EXTENSION = app;
			};
			name = Release;
		};
/* End XCBuildConfiguration section */

/* Begin XCConfigurationList section */
		7244E4B218EE327000C8EA14 /* Build configuration list for PBXProject "OpenCVStudy" */ = {
			isa = XCConfigurationList;
			buildConfigurations = (
				7244E4E618EE327100C8EA14 /* Debug */,
				7244E4E718EE327100C8EA14 /* Release */,
			);
			defaultConfigurationIsVisible = 0;
			defaultConfigurationName = Release;
		};
		7244E4E818EE327100C8EA14 /* Build configuration list for PBXNativeTarget "OpenCVStudy" */ = {
			isa = XCConfigurationList;
			buildConfigurations = (
				7244E4E918EE327100C8EA14 /* Debug */,
				7244E4EA18EE327100C8EA14 /* Release */,
			);
			defaultConfigurationIsVisible = 0;
		};
/* End XCConfigurationList section */
	};
	rootObject = 7244E4AF18EE327000C8EA14 /* Project object */;
}
